
Microsoft Visual Studio Solution File, Format Version 12.00
# Visual Studio Version 17
VisualStudioVersion = 17.5.2.0
MinimumVisualStudioVersion = 10.0.40219.1
Project("{FAE04EC0-301F-11D3-BF4B-00C04F79EFBC}") = "AsyncWarehouse.Api", "AsyncWarehouse.Api\AsyncWarehouse.Api.csproj", "{C497AF3E-D0FF-9FC5-80B0-CA19A3D64047}"
EndProject
Project("{FAE04EC0-301F-11D3-BF4B-00C04F79EFBC}") = "AsyncWarehouse.Domain", "AsyncWarehouse.Domain\AsyncWarehouse.Domain.csproj", "{5D7A4226-1480-4994-853E-A134353453DB}"
EndProject
Project("{FAE04EC0-301F-11D3-BF4B-00C04F79EFBC}") = "AsyncWarehouse.Application", "AsyncWarehouse.Application\AsyncWarehouse.Application.csproj", "{C8A8DAF8-526E-42E2-B8B9-C97132615451}"
EndProject
Project("{FAE04EC0-301F-11D3-BF4B-00C04F79EFBC}") = "AsyncWarehouse.Infrastructure", "AsyncWarehouse.Infrastructure\AsyncWarehouse.Infrastructure.csproj", "{A9C02A4C-B731-4B19-9D7A-B86ECBD3C0A8}"
EndProject
Global
	GlobalSection(SolutionConfigurationPlatforms) = preSolution
		Debug|Any CPU = Debug|Any CPU
		Debug|x64 = Debug|x64
		Debug|x86 = Debug|x86
		Release|Any CPU = Release|Any CPU
		Release|x64 = Release|x64
		Release|x86 = Release|x86
	EndGlobalSection
	GlobalSection(ProjectConfigurationPlatforms) = postSolution
		{C497AF3E-D0FF-9FC5-80B0-CA19A3D64047}.Debug|Any CPU.ActiveCfg = Debug|Any CPU
		{C497AF3E-D0FF-9FC5-80B0-CA19A3D64047}.Debug|Any CPU.Build.0 = Debug|Any CPU
		{C497AF3E-D0FF-9FC5-80B0-CA19A3D64047}.Debug|x64.ActiveCfg = Debug|Any CPU
		{C497AF3E-D0FF-9FC5-80B0-CA19A3D64047}.Debug|x64.Build.0 = Debug|Any CPU
		{C497AF3E-D0FF-9FC5-80B0-CA19A3D64047}.Debug|x86.ActiveCfg = Debug|Any CPU
		{C497AF3E-D0FF-9FC5-80B0-CA19A3D64047}.Debug|x86.Build.0 = Debug|Any CPU
		{C497AF3E-D0FF-9FC5-80B0-CA19A3D64047}.Release|Any CPU.ActiveCfg = Release|Any CPU
		{C497AF3E-D0FF-9FC5-80B0-CA19A3D64047}.Release|Any CPU.Build.0 = Release|Any CPU
		{C497AF3E-D0FF-9FC5-80B0-CA19A3D64047}.Release|x64.ActiveCfg = Release|Any CPU
		{C497AF3E-D0FF-9FC5-80B0-CA19A3D64047}.Release|x64.Build.0 = Release|Any CPU
		{C497AF3E-D0FF-9FC5-80B0-CA19A3D64047}.Release|x86.ActiveCfg = Release|Any CPU
		{C497AF3E-D0FF-9FC5-80B0-CA19A3D64047}.Release|x86.Build.0 = Release|Any CPU
		{5D7A4226-1480-4994-853E-A134353453DB}.Debug|Any CPU.ActiveCfg = Debug|Any CPU
		{5D7A4226-1480-4994-853E-A134353453DB}.Debug|Any CPU.Build.0 = Debug|Any CPU
		{5D7A4226-1480-4994-853E-A134353453DB}.Debug|x64.ActiveCfg = Debug|Any CPU
		{5D7A4226-1480-4994-853E-A134353453DB}.Debug|x64.Build.0 = Debug|Any CPU
		{5D7A4226-1480-4994-853E-A134353453DB}.Debug|x86.ActiveCfg = Debug|Any CPU
		{5D7A4226-1480-4994-853E-A134353453DB}.Debug|x86.Build.0 = Debug|Any CPU
		{5D7A4226-1480-4994-853E-A134353453DB}.Release|Any CPU.ActiveCfg = Release|Any CPU
		{5D7A4226-1480-4994-853E-A134353453DB}.Release|Any CPU.Build.0 = Release|Any CPU
		{5D7A4226-1480-4994-853E-A134353453DB}.Release|x64.ActiveCfg = Release|Any CPU
		{5D7A4226-1480-4994-853E-A134353453DB}.Release|x64.Build.0 = Release|Any CPU
		{5D7A4226-1480-4994-853E-A134353453DB}.Release|x86.ActiveCfg = Release|Any CPU
		{5D7A4226-1480-4994-853E-A134353453DB}.Release|x86.Build.0 = Release|Any CPU
		{C8A8DAF8-526E-42E2-B8B9-C97132615451}.Debug|Any CPU.ActiveCfg = Debug|Any CPU
		{C8A8DAF8-526E-42E2-B8B9-C97132615451}.Debug|Any CPU.Build.0 = Debug|Any CPU
		{C8A8DAF8-526E-42E2-B8B9-C97132615451}.Debug|x64.ActiveCfg = Debug|Any CPU
		{C8A8DAF8-526E-42E2-B8B9-C97132615451}.Debug|x64.Build.0 = Debug|Any CPU
		{C8A8DAF8-526E-42E2-B8B9-C97132615451}.Debug|x86.ActiveCfg = Debug|Any CPU
		{C8A8DAF8-526E-42E2-B8B9-C97132615451}.Debug|x86.Build.0 = Debug|Any CPU
		{C8A8DAF8-526E-42E2-B8B9-C97132615451}.Release|Any CPU.ActiveCfg = Release|Any CPU
		{C8A8DAF8-526E-42E2-B8B9-C97132615451}.Release|Any CPU.Build.0 = Release|Any CPU
		{C8A8DAF8-526E-42E2-B8B9-C97132615451}.Release|x64.ActiveCfg = Release|Any CPU
		{C8A8DAF8-526E-42E2-B8B9-C97132615451}.Release|x64.Build.0 = Release|Any CPU
		{C8A8DAF8-526E-42E2-B8B9-C97132615451}.Release|x86.ActiveCfg = Release|Any CPU
		{C8A8DAF8-526E-42E2-B8B9-C97132615451}.Release|x86.Build.0 = Release|Any CPU
		{A9C02A4C-B731-4B19-9D7A-B86ECBD3C0A8}.Debug|Any CPU.ActiveCfg = Debug|Any CPU
		{A9C02A4C-B731-4B19-9D7A-B86ECBD3C0A8}.Debug|Any CPU.Build.0 = Debug|Any CPU
		{A9C02A4C-B731-4B19-9D7A-B86ECBD3C0A8}.Debug|x64.ActiveCfg = Debug|Any CPU
		{A9C02A4C-B731-4B19-9D7A-B86ECBD3C0A8}.Debug|x64.Build.0 = Debug|Any CPU
		{A9C02A4C-B731-4B19-9D7A-B86ECBD3C0A8}.Debug|x86.ActiveCfg = Debug|Any CPU
		{A9C02A4C-B731-4B19-9D7A-B86ECBD3C0A8}.Debug|x86.Build.0 = Debug|Any CPU
		{A9C02A4C-B731-4B19-9D7A-B86ECBD3C0A8}.Release|Any CPU.ActiveCfg = Release|Any CPU
		{A9C02A4C-B731-4B19-9D7A-B86ECBD3C0A8}.Release|Any CPU.Build.0 = Release|Any CPU
		{A9C02A4C-B731-4B19-9D7A-B86ECBD3C0A8}.Release|x64.ActiveCfg = Release|Any CPU
		{A9C02A4C-B731-4B19-9D7A-B86ECBD3C0A8}.Release|x64.Build.0 = Release|Any CPU
		{A9C02A4C-B731-4B19-9D7A-B86ECBD3C0A8}.Release|x86.ActiveCfg = Release|Any CPU
		{A9C02A4C-B731-4B19-9D7A-B86ECBD3C0A8}.Release|x86.Build.0 = Release|Any CPU
	EndGlobalSection
	GlobalSection(SolutionProperties) = preSolution
		HideSolutionNode = FALSE
	EndGlobalSection
	GlobalSection(ExtensibilityGlobals) = postSolution
		SolutionGuid = {51F1AEDF-0F4A-4477-AD66-B44A6FC7F413}
	EndGlobalSection
EndGlobal
